// !$*UTF8*$!
{
	archiveVersion = 1;
	classes = {
	};
	objectVersion = 50;
	objects = {

/* Begin PBXBuildFile section */
		8928A58120F3A9F5002E1A60 /* AppDelegate.swift in Sources */ = {isa = PBXBuildFile; fileRef = 8928A58020F3A9F5002E1A60 /* AppDelegate.swift */; };
		8928A58320F3A9F5002E1A60 /* MasterViewController.swift in Sources */ = {isa = PBXBuildFile; fileRef = 8928A58220F3A9F5002E1A60 /* MasterViewController.swift */; };
		8928A58520F3A9F5002E1A60 /* DetailViewController.swift in Sources */ = {isa = PBXBuildFile; fileRef = 8928A58420F3A9F5002E1A60 /* DetailViewController.swift */; };
		8928A58820F3A9F5002E1A60 /* Main.storyboard in Resources */ = {isa = PBXBuildFile; fileRef = 8928A58620F3A9F5002E1A60 /* Main.storyboard */; };
		8928A58A20F3A9F5002E1A60 /* Assets.xcassets in Resources */ = {isa = PBXBuildFile; fileRef = 8928A58920F3A9F5002E1A60 /* Assets.xcassets */; };
		8928A58D20F3A9F5002E1A60 /* LaunchScreen.storyboard in Resources */ = {isa = PBXBuildFile; fileRef = 8928A58B20F3A9F5002E1A60 /* LaunchScreen.storyboard */; };
		8928A59820F3A9F5002E1A60 /* Favorite_CitiesTests.swift in Sources */ = {isa = PBXBuildFile; fileRef = 8928A59720F3A9F5002E1A60 /* Favorite_CitiesTests.swift */; };
		8928A5A320F3A9F5002E1A60 /* Favorite_CitiesUITests.swift in Sources */ = {isa = PBXBuildFile; fileRef = 8928A5A220F3A9F5002E1A60 /* Favorite_CitiesUITests.swift */; };
/* End PBXBuildFile section */

/* Begin PBXContainerItemProxy section */
		8928A59420F3A9F5002E1A60 /* PBXContainerItemProxy */ = {
			isa = PBXContainerItemProxy;
			containerPortal = 8928A57520F3A9F5002E1A60 /* Project object */;
			proxyType = 1;
			remoteGlobalIDString = 8928A57C20F3A9F5002E1A60;
			remoteInfo = "Favorite Cities";
		};
		8928A59F20F3A9F5002E1A60 /* PBXContainerItemProxy */ = {
			isa = PBXContainerItemProxy;
			containerPortal = 8928A57520F3A9F5002E1A60 /* Project object */;
			proxyType = 1;
			remoteGlobalIDString = 8928A57C20F3A9F5002E1A60;
			remoteInfo = "Favorite Cities";
		};
/* End PBXContainerItemProxy section */

/* Begin PBXFileReference section */
		8928A57D20F3A9F5002E1A60 /* Favorite Cities.app */ = {isa = PBXFileReference; explicitFileType = wrapper.application; includeInIndex = 0; path = "Favorite Cities.app"; sourceTree = BUILT_PRODUCTS_DIR; };
		8928A58020F3A9F5002E1A60 /* AppDelegate.swift */ = {isa = PBXFileReference; lastKnownFileType = sourcecode.swift; path = AppDelegate.swift; sourceTree = "<group>"; };
		8928A58220F3A9F5002E1A60 /* MasterViewController.swift */ = {isa = PBXFileReference; lastKnownFileType = sourcecode.swift; path = MasterViewController.swift; sourceTree = "<group>"; };
		8928A58420F3A9F5002E1A60 /* DetailViewController.swift */ = {isa = PBXFileReference; lastKnownFileType = sourcecode.swift; path = DetailViewController.swift; sourceTree = "<group>"; };
		8928A58720F3A9F5002E1A60 /* Base */ = {isa = PBXFileReference; lastKnownFileType = file.storyboard; name = Base; path = Base.lproj/Main.storyboard; sourceTree = "<group>"; };
		8928A58920F3A9F5002E1A60 /* Assets.xcassets */ = {isa = PBXFileReference; lastKnownFileType = folder.assetcatalog; path = Assets.xcassets; sourceTree = "<group>"; };
		8928A58C20F3A9F5002E1A60 /* Base */ = {isa = PBXFileReference; lastKnownFileType = file.storyboard; name = Base; path = Base.lproj/LaunchScreen.storyboard; sourceTree = "<group>"; };
		8928A58E20F3A9F5002E1A60 /* Info.plist */ = {isa = PBXFileReference; lastKnownFileType = text.plist.xml; path = Info.plist; sourceTree = "<group>"; };
		8928A59320F3A9F5002E1A60 /* Favorite CitiesTests.xctest */ = {isa = PBXFileReference; explicitFileType = wrapper.cfbundle; includeInIndex = 0; path = "Favorite CitiesTests.xctest"; sourceTree = BUILT_PRODUCTS_DIR; };
		8928A59720F3A9F5002E1A60 /* Favorite_CitiesTests.swift */ = {isa = PBXFileReference; lastKnownFileType = sourcecode.swift; path = Favorite_CitiesTests.swift; sourceTree = "<group>"; };
		8928A59920F3A9F5002E1A60 /* Info.plist */ = {isa = PBXFileReference; lastKnownFileType = text.plist.xml; path = Info.plist; sourceTree = "<group>"; };
		8928A59E20F3A9F5002E1A60 /* Favorite CitiesUITests.xctest */ = {isa = PBXFileReference; explicitFileType = wrapper.cfbundle; includeInIndex = 0; path = "Favorite CitiesUITests.xctest"; sourceTree = BUILT_PRODUCTS_DIR; };
		8928A5A220F3A9F5002E1A60 /* Favorite_CitiesUITests.swift */ = {isa = PBXFileReference; lastKnownFileType = sourcecode.swift; path = Favorite_CitiesUITests.swift; sourceTree = "<group>"; };
		8928A5A420F3A9F6002E1A60 /* Info.plist */ = {isa = PBXFileReference; lastKnownFileType = text.plist.xml; path = Info.plist; sourceTree = "<group>"; };
/* End PBXFileReference section */

/* Begin PBXFrameworksBuildPhase section */
		8928A57A20F3A9F5002E1A60 /* Frameworks */ = {
			isa = PBXFrameworksBuildPhase;
			buildActionMask = 2147483647;
			files = (
			);
			runOnlyForDeploymentPostprocessing = 0;
		};
		8928A59020F3A9F5002E1A60 /* Frameworks */ = {
			isa = PBXFrameworksBuildPhase;
			buildActionMask = 2147483647;
			files = (
			);
			runOnlyForDeploymentPostprocessing = 0;
		};
		8928A59B20F3A9F5002E1A60 /* Frameworks */ = {
			isa = PBXFrameworksBuildPhase;
			buildActionMask = 2147483647;
			files = (
			);
			runOnlyForDeploymentPostprocessing = 0;
		};
/* End PBXFrameworksBuildPhase section */

/* Begin PBXGroup section */
		8928A57420F3A9F5002E1A60 = {
			isa = PBXGroup;
			children = (
				8928A57F20F3A9F5002E1A60 /* Favorite Cities */,
				8928A59620F3A9F5002E1A60 /* Favorite CitiesTests */,
				8928A5A120F3A9F5002E1A60 /* Favorite CitiesUITests */,
				8928A57E20F3A9F5002E1A60 /* Products */,
			);
			sourceTree = "<group>";
		};
		8928A57E20F3A9F5002E1A60 /* Products */ = {
			isa = PBXGroup;
			children = (
				8928A57D20F3A9F5002E1A60 /* Favorite Cities.app */,
				8928A59320F3A9F5002E1A60 /* Favorite CitiesTests.xctest */,
				8928A59E20F3A9F5002E1A60 /* Favorite CitiesUITests.xctest */,
			);
			name = Products;
			sourceTree = "<group>";
		};
		8928A57F20F3A9F5002E1A60 /* Favorite Cities */ = {
			isa = PBXGroup;
			children = (
				8928A58020F3A9F5002E1A60 /* AppDelegate.swift */,
				8928A58220F3A9F5002E1A60 /* MasterViewController.swift */,
				8928A58420F3A9F5002E1A60 /* DetailViewController.swift */,
				8928A58620F3A9F5002E1A60 /* Main.storyboard */,
				8928A58920F3A9F5002E1A60 /* Assets.xcassets */,
				8928A58B20F3A9F5002E1A60 /* LaunchScreen.storyboard */,
				8928A58E20F3A9F5002E1A60 /* Info.plist */,
			);
			path = "Favorite Cities";
			sourceTree = "<group>";
		};
		8928A59620F3A9F5002E1A60 /* Favorite CitiesTests */ = {
			isa = PBXGroup;
			children = (
				8928A59720F3A9F5002E1A60 /* Favorite_CitiesTests.swift */,
				8928A59920F3A9F5002E1A60 /* Info.plist */,
			);
			path = "Favorite CitiesTests";
			sourceTree = "<group>";
		};
		8928A5A120F3A9F5002E1A60 /* Favorite CitiesUITests */ = {
			isa = PBXGroup;
			children = (
				8928A5A220F3A9F5002E1A60 /* Favorite_CitiesUITests.swift */,
				8928A5A420F3A9F6002E1A60 /* Info.plist */,
			);
			path = "Favorite CitiesUITests";
			sourceTree = "<group>";
		};
/* End PBXGroup section */

/* Begin PBXNativeTarget section */
		8928A57C20F3A9F5002E1A60 /* Favorite Cities */ = {
			isa = PBXNativeTarget;
			buildConfigurationList = 8928A5A720F3A9F6002E1A60 /* Build configuration list for PBXNativeTarget "Favorite Cities" */;
			buildPhases = (
				8928A57920F3A9F5002E1A60 /* Sources */,
				8928A57A20F3A9F5002E1A60 /* Frameworks */,
				8928A57B20F3A9F5002E1A60 /* Resources */,
			);
			buildRules = (
			);
			dependencies = (
			);
			name = "Favorite Cities";
			productName = "Favorite Cities";
			productReference = 8928A57D20F3A9F5002E1A60 /* Favorite Cities.app */;
			productType = "com.apple.product-type.application";
		};
		8928A59220F3A9F5002E1A60 /* Favorite CitiesTests */ = {
			isa = PBXNativeTarget;
			buildConfigurationList = 8928A5AA20F3A9F6002E1A60 /* Build configuration list for PBXNativeTarget "Favorite CitiesTests" */;
			buildPhases = (
				8928A58F20F3A9F5002E1A60 /* Sources */,
				8928A59020F3A9F5002E1A60 /* Frameworks */,
				8928A59120F3A9F5002E1A60 /* Resources */,
			);
			buildRules = (
			);
			dependencies = (
				8928A59520F3A9F5002E1A60 /* PBXTargetDependency */,
			);
			name = "Favorite CitiesTests";
			productName = "Favorite CitiesTests";
			productReference = 8928A59320F3A9F5002E1A60 /* Favorite CitiesTests.xctest */;
			productType = "com.apple.product-type.bundle.unit-test";
		};
		8928A59D20F3A9F5002E1A60 /* Favorite CitiesUITests */ = {
			isa = PBXNativeTarget;
			buildConfigurationList = 8928A5AD20F3A9F6002E1A60 /* Build configuration list for PBXNativeTarget "Favorite CitiesUITests" */;
			buildPhases = (
				8928A59A20F3A9F5002E1A60 /* Sources */,
				8928A59B20F3A9F5002E1A60 /* Frameworks */,
				8928A59C20F3A9F5002E1A60 /* Resources */,
			);
			buildRules = (
			);
			dependencies = (
				8928A5A020F3A9F5002E1A60 /* PBXTargetDependency */,
			);
			name = "Favorite CitiesUITests";
			productName = "Favorite CitiesUITests";
			productReference = 8928A59E20F3A9F5002E1A60 /* Favorite CitiesUITests.xctest */;
			productType = "com.apple.product-type.bundle.ui-testing";
		};
/* End PBXNativeTarget section */

/* Begin PBXProject section */
		8928A57520F3A9F5002E1A60 /* Project object */ = {
			isa = PBXProject;
			attributes = {
				LastSwiftUpdateCheck = 0940;
				LastUpgradeCheck = 0940;
				ORGANIZATIONNAME = "Aslan Lee";
				TargetAttributes = {
					8928A57C20F3A9F5002E1A60 = {
						CreatedOnToolsVersion = 9.4.1;
					};
					8928A59220F3A9F5002E1A60 = {
						CreatedOnToolsVersion = 9.4.1;
						TestTargetID = 8928A57C20F3A9F5002E1A60;
					};
					8928A59D20F3A9F5002E1A60 = {
						CreatedOnToolsVersion = 9.4.1;
						TestTargetID = 8928A57C20F3A9F5002E1A60;
					};
				};
			};
			buildConfigurationList = 8928A57820F3A9F5002E1A60 /* Build configuration list for PBXProject "Favorite Cities" */;
			compatibilityVersion = "Xcode 9.3";
			developmentRegion = en;
			hasScannedForEncodings = 0;
			knownRegions = (
				en,
				Base,
			);
			mainGroup = 8928A57420F3A9F5002E1A60;
			productRefGroup = 8928A57E20F3A9F5002E1A60 /* Products */;
			projectDirPath = "";
			projectRoot = "";
			targets = (
				8928A57C20F3A9F5002E1A60 /* Favorite Cities */,
				8928A59220F3A9F5002E1A60 /* Favorite CitiesTests */,
				8928A59D20F3A9F5002E1A60 /* Favorite CitiesUITests */,
			);
		};
/* End PBXProject section */

/* Begin PBXResourcesBuildPhase section */
		8928A57B20F3A9F5002E1A60 /* Resources */ = {
			isa = PBXResourcesBuildPhase;
			buildActionMask = 2147483647;
			files = (
				8928A58D20F3A9F5002E1A60 /* LaunchScreen.storyboard in Resources */,
				8928A58A20F3A9F5002E1A60 /* Assets.xcassets in Resources */,
				8928A58820F3A9F5002E1A60 /* Main.storyboard in Resources */,
			);
			runOnlyForDeploymentPostprocessing = 0;
		};
		8928A59120F3A9F5002E1A60 /* Resources */ = {
			isa = PBXResourcesBuildPhase;
			buildActionMask = 2147483647;
			files = (
			);
			runOnlyForDeploymentPostprocessing = 0;
		};
		8928A59C20F3A9F5002E1A60 /* Resources */ = {
			isa = PBXResourcesBuildPhase;
			buildActionMask = 2147483647;
			files = (
			);
			runOnlyForDeploymentPostprocessing = 0;
		};
/* End PBXResourcesBuildPhase section */

/* Begin PBXSourcesBuildPhase section */
		8928A57920F3A9F5002E1A60 /* Sources */ = {
			isa = PBXSourcesBuildPhase;
			buildActionMask = 2147483647;
			files = (
				8928A58520F3A9F5002E1A60 /* DetailViewController.swift in Sources */,
				8928A58320F3A9F5002E1A60 /* MasterViewController.swift in Sources */,
				8928A58120F3A9F5002E1A60 /* AppDelegate.swift in Sources */,
			);
			runOnlyForDeploymentPostprocessing = 0;
		};
		8928A58F20F3A9F5002E1A60 /* Sources */ = {
			isa = PBXSourcesBuildPhase;
			buildActionMask = 2147483647;
			files = (
				8928A59820F3A9F5002E1A60 /* Favorite_CitiesTests.swift in Sources */,
			);
			runOnlyForDeploymentPostprocessing = 0;
		};
		8928A59A20F3A9F5002E1A60 /* Sources */ = {
			isa = PBXSourcesBuildPhase;
			buildActionMask = 2147483647;
			files = (
				8928A5A320F3A9F5002E1A60 /* Favorite_CitiesUITests.swift in Sources */,
			);
			runOnlyForDeploymentPostprocessing = 0;
		};
/* End PBXSourcesBuildPhase section */

/* Begin PBXTargetDependency section */
		8928A59520F3A9F5002E1A60 /* PBXTargetDependency */ = {
			isa = PBXTargetDependency;
			target = 8928A57C20F3A9F5002E1A60 /* Favorite Cities */;
			targetProxy = 8928A59420F3A9F5002E1A60 /* PBXContainerItemProxy */;
		};
		8928A5A020F3A9F5002E1A60 /* PBXTargetDependency */ = {
			isa = PBXTargetDependency;
			target = 8928A57C20F3A9F5002E1A60 /* Favorite Cities */;
			targetProxy = 8928A59F20F3A9F5002E1A60 /* PBXContainerItemProxy */;
		};
/* End PBXTargetDependency section */

/* Begin PBXVariantGroup section */
		8928A58620F3A9F5002E1A60 /* Main.storyboard */ = {
			isa = PBXVariantGroup;
			children = (
				8928A58720F3A9F5002E1A60 /* Base */,
			);
			name = Main.storyboard;
			sourceTree = "<group>";
		};
		8928A58B20F3A9F5002E1A60 /* LaunchScreen.storyboard */ = {
			isa = PBXVariantGroup;
			children = (
				8928A58C20F3A9F5002E1A60 /* Base */,
			);
			name = LaunchScreen.storyboard;
			sourceTree = "<group>";
		};
/* End PBXVariantGroup section */

/* Begin XCBuildConfiguration section */
		8928A5A520F3A9F6002E1A60 /* Debug */ = {
			isa = XCBuildConfiguration;
			buildSettings = {
				ALWAYS_SEARCH_USER_PATHS = NO;
				CLANG_ANALYZER_NONNULL = YES;
				CLANG_ANALYZER_NUMBER_OBJECT_CONVERSION = YES_AGGRESSIVE;
				CLANG_CXX_LANGUAGE_STANDARD = "gnu++14";
				CLANG_CXX_LIBRARY = "libc++";
				CLANG_ENABLE_MODULES = YES;
				CLANG_ENABLE_OBJC_ARC = YES;
				CLANG_ENABLE_OBJC_WEAK = YES;
				CLANG_WARN_BLOCK_CAPTURE_AUTORELEASING = YES;
				CLANG_WARN_BOOL_CONVERSION = YES;
				CLANG_WARN_COMMA = YES;
				CLANG_WARN_CONSTANT_CONVERSION = YES;
				CLANG_WARN_DEPRECATED_OBJC_IMPLEMENTATIONS = YES;
				CLANG_WARN_DIRECT_OBJC_ISA_USAGE = YES_ERROR;
				CLANG_WARN_DOCUMENTATION_COMMENTS = YES;
				CLANG_WARN_EMPTY_BODY = YES;
				CLANG_WARN_ENUM_CONVERSION = YES;
				CLANG_WARN_INFINITE_RECURSION = YES;
				CLANG_WARN_INT_CONVERSION = YES;
				CLANG_WARN_NON_LITERAL_NULL_CONVERSION = YES;
				CLANG_WARN_OBJC_IMPLICIT_RETAIN_SELF = YES;
				CLANG_WARN_OBJC_LITERAL_CONVERSION = YES;
				CLANG_WARN_OBJC_ROOT_CLASS = YES_ERROR;
				CLANG_WARN_RANGE_LOOP_ANALYSIS = YES;
				CLANG_WARN_STRICT_PROTOTYPES = YES;
				CLANG_WARN_SUSPICIOUS_MOVE = YES;
				CLANG_WARN_UNGUARDED_AVAILABILITY = YES_AGGRESSIVE;
				CLANG_WARN_UNREACHABLE_CODE = YES;
				CLANG_WARN__DUPLICATE_METHOD_MATCH = YES;
				CODE_SIGN_IDENTITY = "iPhone Developer";
				COPY_PHASE_STRIP = NO;
				DEBUG_INFORMATION_FORMAT = dwarf;
				ENABLE_STRICT_OBJC_MSGSEND = YES;
				ENABLE_TESTABILITY = YES;
				GCC_C_LANGUAGE_STANDARD = gnu11;
				GCC_DYNAMIC_NO_PIC = NO;
				GCC_NO_COMMON_BLOCKS = YES;
				GCC_OPTIMIZATION_LEVEL = 0;
				GCC_PREPROCESSOR_DEFINITIONS = (
					"DEBUG=1",
					"$(inherited)",
				);
				GCC_WARN_64_TO_32_BIT_CONVERSION = YES;
				GCC_WARN_ABOUT_RETURN_TYPE = YES_ERROR;
				GCC_WARN_UNDECLARED_SELECTOR = YES;
				GCC_WARN_UNINITIALIZED_AUTOS = YES_AGGRESSIVE;
				GCC_WARN_UNUSED_FUNCTION = YES;
				GCC_WARN_UNUSED_VARIABLE = YES;
				IPHONEOS_DEPLOYMENT_TARGET = 11.4;
				MTL_ENABLE_DEBUG_INFO = YES;
				ONLY_ACTIVE_ARCH = YES;
				SDKROOT = iphoneos;
				SWIFT_ACTIVE_COMPILATION_CONDITIONS = DEBUG;
				SWIFT_OPTIMIZATION_LEVEL = "-Onone";
			};
			name = Debug;
		};
		8928A5A620F3A9F6002E1A60 /* Release */ = {
			isa = XCBuildConfiguration;
			buildSettings = {
				ALWAYS_SEARCH_USER_PATHS = NO;
				CLANG_ANALYZER_NONNULL = YES;
				CLANG_ANALYZER_NUMBER_OBJECT_CONVERSION = YES_AGGRESSIVE;
				CLANG_CXX_LANGUAGE_STANDARD = "gnu++14";
				CLANG_CXX_LIBRARY = "libc++";
				CLANG_ENABLE_MODULES = YES;
				CLANG_ENABLE_OBJC_ARC = YES;
				CLANG_ENABLE_OBJC_WEAK = YES;
				CLANG_WARN_BLOCK_CAPTURE_AUTORELEASING = YES;
				CLANG_WARN_BOOL_CONVERSION = YES;
				CLANG_WARN_COMMA = YES;
				CLANG_WARN_CONSTANT_CONVERSION = YES;
				CLANG_WARN_DEPRECATED_OBJC_IMPLEMENTATIONS = YES;
				CLANG_WARN_DIRECT_OBJC_ISA_USAGE = YES_ERROR;
				CLANG_WARN_DOCUMENTATION_COMMENTS = YES;
				CLANG_WARN_EMPTY_BODY = YES;
				CLANG_WARN_ENUM_CONVERSION = YES;
				CLANG_WARN_INFINITE_RECURSION = YES;
				CLANG_WARN_INT_CONVERSION = YES;
				CLANG_WARN_NON_LITERAL_NULL_CONVERSION = YES;
				CLANG_WARN_OBJC_IMPLICIT_RETAIN_SELF = YES;
				CLANG_WARN_OBJC_LITERAL_CONVERSION = YES;
				CLANG_WARN_OBJC_ROOT_CLASS = YES_ERROR;
				CLANG_WARN_RANGE_LOOP_ANALYSIS = YES;
				CLANG_WARN_STRICT_PROTOTYPES = YES;
				CLANG_WARN_SUSPICIOUS_MOVE = YES;
				CLANG_WARN_UNGUARDED_AVAILABILITY = YES_AGGRESSIVE;
				CLANG_WARN_UNREACHABLE_CODE = YES;
				CLANG_WARN__DUPLICATE_METHOD_MATCH = YES;
				CODE_SIGN_IDENTITY = "iPhone Developer";
				COPY_PHASE_STRIP = NO;
				DEBUG_INFORMATION_FORMAT = "dwarf-with-dsym";
				ENABLE_NS_ASSERTIONS = NO;
				ENABLE_STRICT_OBJC_MSGSEND = YES;
				GCC_C_LANGUAGE_STANDARD = gnu11;
				GCC_NO_COMMON_BLOCKS = YES;
				GCC_WARN_64_TO_32_BIT_CONVERSION = YES;
				GCC_WARN_ABOUT_RETURN_TYPE = YES_ERROR;
				GCC_WARN_UNDECLARED_SELECTOR = YES;
				GCC_WARN_UNINITIALIZED_AUTOS = YES_AGGRESSIVE;
				GCC_WARN_UNUSED_FUNCTION = YES;
				GCC_WARN_UNUSED_VARIABLE = YES;
				IPHONEOS_DEPLOYMENT_TARGET = 11.4;
				MTL_ENABLE_DEBUG_INFO = NO;
				SDKROOT = iphoneos;
				SWIFT_COMPILATION_MODE = wholemodule;
				SWIFT_OPTIMIZATION_LEVEL = "-O";
				VALIDATE_PRODUCT = YES;
			};
			name = Release;
		};
		8928A5A820F3A9F6002E1A60 /* Debug */ = {
			isa = XCBuildConfiguration;
			buildSettings = {
				ASSETCATALOG_COMPILER_APPICON_NAME = AppIcon;
				CODE_SIGN_STYLE = Automatic;
				DEVELOPMENT_TEAM = VA35W59BV9;
				INFOPLIST_FILE = "Favorite Cities/Info.plist";
				LD_RUNPATH_SEARCH_PATHS = (
					"$(inherited)",
					"@executable_path/Frameworks",
				);
				PRODUCT_BUNDLE_IDENTIFIER = "Aslan-Lee.Favorite-Cities";
				PRODUCT_NAME = "$(TARGET_NAME)";
				SWIFT_VERSION = 4.0;
				TARGETED_DEVICE_FAMILY = "1,2";
			};
			name = Debug;
		};
		8928A5A920F3A9F6002E1A60 /* Release */ = {
			isa = XCBuildConfiguration;
			buildSettings = {
				ASSETCATALOG_COMPILER_APPICON_NAME = AppIcon;
				CODE_SIGN_STYLE = Automatic;
				DEVELOPMENT_TEAM = VA35W59BV9;
				INFOPLIST_FILE = "Favorite Cities/Info.plist";
				LD_RUNPATH_SEARCH_PATHS = (
					"$(inherited)",
					"@executable_path/Frameworks",
				);
				PRODUCT_BUNDLE_IDENTIFIER = "Aslan-Lee.Favorite-Cities";
				PRODUCT_NAME = "$(TARGET_NAME)";
				SWIFT_VERSION = 4.0;
				TARGETED_DEVICE_FAMILY = "1,2";
			};
			name = Release;
		};
		8928A5AB20F3A9F6002E1A60 /* Debug */ = {
			isa = XCBuildConfiguration;
			buildSettings = {
				ALWAYS_EMBED_SWIFT_STANDARD_LIBRARIES = YES;
				BUNDLE_LOADER = "$(TEST_HOST)";
				CODE_SIGN_STYLE = Automatic;
				DEVELOPMENT_TEAM = VA35W59BV9;
				INFOPLIST_FILE = "Favorite CitiesTests/Info.plist";
				LD_RUNPATH_SEARCH_PATHS = (
					"$(inherited)",
					"@executable_path/Frameworks",
					"@loader_path/Frameworks",
				);
				PRODUCT_BUNDLE_IDENTIFIER = "Aslan-Lee.Favorite-CitiesTests";
				PRODUCT_NAME = "$(TARGET_NAME)";
				SWIFT_VERSION = 4.0;
				TARGETED_DEVICE_FAMILY = "1,2";
				TEST_HOST = "$(BUILT_PRODUCTS_DIR)/Favorite Cities.app/Favorite Cities";
			};
			name = Debug;
		};
		8928A5AC20F3A9F6002E1A60 /* Release */ = {
			isa = XCBuildConfiguration;
			buildSettings = {
				ALWAYS_EMBED_SWIFT_STANDARD_LIBRARIES = YES;
				BUNDLE_LOADER = "$(TEST_HOST)";
				CODE_SIGN_STYLE = Automatic;
				DEVELOPMENT_TEAM = VA35W59BV9;
				INFOPLIST_FILE = "Favorite CitiesTests/Info.plist";
				LD_RUNPATH_SEARCH_PATHS = (
					"$(inherited)",
					"@executable_path/Frameworks",
					"@loader_path/Frameworks",
				);
				PRODUCT_BUNDLE_IDENTIFIER = "Aslan-Lee.Favorite-CitiesTests";
				PRODUCT_NAME = "$(TARGET_NAME)";
				SWIFT_VERSION = 4.0;
				TARGETED_DEVICE_FAMILY = "1,2";
				TEST_HOST = "$(BUILT_PRODUCTS_DIR)/Favorite Cities.app/Favorite Cities";
			};
			name = Release;
		};
		8928A5AE20F3A9F6002E1A60 /* Debug */ = {
			isa = XCBuildConfiguration;
			buildSettings = {
				ALWAYS_EMBED_SWIFT_STANDARD_LIBRARIES = YES;
				CODE_SIGN_STYLE = Automatic;
				DEVELOPMENT_TEAM = VA35W59BV9;
				INFOPLIST_FILE = "Favorite CitiesUITests/Info.plist";
				LD_RUNPATH_SEARCH_PATHS = (
					"$(inherited)",
					"@executable_path/Frameworks",
					"@loader_path/Frameworks",
				);
				PRODUCT_BUNDLE_IDENTIFIER = "Aslan-Lee.Favorite-CitiesUITests";
				PRODUCT_NAME = "$(TARGET_NAME)";
				SWIFT_VERSION = 4.0;
				TARGETED_DEVICE_FAMILY = "1,2";
				TEST_TARGET_NAME = "Favorite Cities";
			};
			name = Debug;
		};
		8928A5AF20F3A9F6002E1A60 /* Release */ = {
			isa = XCBuildConfiguration;
			buildSettings = {
				ALWAYS_EMBED_SWIFT_STANDARD_LIBRARIES = YES;
				CODE_SIGN_STYLE = Automatic;
				DEVELOPMENT_TEAM = VA35W59BV9;
				INFOPLIST_FILE = "Favorite CitiesUITests/Info.plist";
				LD_RUNPATH_SEARCH_PATHS = (
					"$(inherited)",
					"@executable_path/Frameworks",
					"@loader_path/Frameworks",
				);
				PRODUCT_BUNDLE_IDENTIFIER = "Aslan-Lee.Favorite-CitiesUITests";
				PRODUCT_NAME = "$(TARGET_NAME)";
				SWIFT_VERSION = 4.0;
				TARGETED_DEVICE_FAMILY = "1,2";
				TEST_TARGET_NAME = "Favorite Cities";
			};
			name = Release;
		};
/* End XCBuildConfiguration section */

/* Begin XCConfigurationList section */
		8928A57820F3A9F5002E1A60 /* Build configuration list for PBXProject "Favorite Cities" */ = {
			isa = XCConfigurationList;
			buildConfigurations = (
				8928A5A520F3A9F6002E1A60 /* Debug */,
				8928A5A620F3A9F6002E1A60 /* Release */,
			);
			defaultConfigurationIsVisible = 0;
			defaultConfigurationName = Release;
		};
		8928A5A720F3A9F6002E1A60 /* Build configuration list for PBXNativeTarget "Favorite Cities" */ = {
			isa = XCConfigurationList;
			buildConfigurations = (
				8928A5A820F3A9F6002E1A60 /* Debug */,
				8928A5A920F3A9F6002E1A60 /* Release */,
			);
			defaultConfigurationIsVisible = 0;
			defaultConfigurationName = Release;
		};
		8928A5AA20F3A9F6002E1A60 /* Build configuration list for PBXNativeTarget "Favorite CitiesTests" */ = {
			isa = XCConfigurationList;
			buildConfigurations = (
				8928A5AB20F3A9F6002E1A60 /* Debug */,
				8928A5AC20F3A9F6002E1A60 /* Release */,
			);
			defaultConfigurationIsVisible = 0;
			defaultConfigurationName = Release;
		};
		8928A5AD20F3A9F6002E1A60 /* Build configuration list for PBXNativeTarget "Favorite CitiesUITests" */ = {
			isa = XCConfigurationList;
			buildConfigurations = (
				8928A5AE20F3A9F6002E1A60 /* Debug */,
				8928A5AF20F3A9F6002E1A60 /* Release */,
			);
			defaultConfigurationIsVisible = 0;
			defaultConfigurationName = Release;
		};
/* End XCConfigurationList section */
	};
	rootObject = 8928A57520F3A9F5002E1A60 /* Project object */;
}
